
Microsoft Visual Studio Solution File, Format Version 12.00
# Visual Studio Version 16
VisualStudioVersion = 16.0.30011.22
MinimumVisualStudioVersion = 10.0.40219.1
Project("{FAE04EC0-301F-11D3-BF4B-00C04F79EFBC}") = "Fractals", "Fractals\Fractals.csproj", "{22ACAE4C-A1F3-4328-B3E4-5DE0003E54DC}"
EndProject
Global
	GlobalSection(SolutionConfigurationPlatforms) = preSolution
		Debug|Any CPU = Debug|Any CPU
		Release|Any CPU = Release|Any CPU
	EndGlobalSection
	GlobalSection(ProjectConfigurationPlatforms) = postSolution
		{22ACAE4C-A1F3-4328-B3E4-5DE0003E54DC}.Debug|Any CPU.ActiveCfg = Debug|Any CPU
		{22ACAE4C-A1F3-4328-B3E4-5DE0003E54DC}.Debug|Any CPU.Build.0 = Debug|Any CPU
		{22ACAE4C-A1F3-4328-B3E4-5DE0003E54DC}.Release|Any CPU.ActiveCfg = Release|Any CPU
		{22ACAE4C-A1F3-4328-B3E4-5DE0003E54DC}.Release|Any CPU.Build.0 = Release|Any CPU
	EndGlobalSection
	GlobalSection(SolutionProperties) = preSolution
		HideSolutionNode = FALSE
	EndGlobalSection
	GlobalSection(ExtensibilityGlobals) = postSolution
		SolutionGuid = {51A7BB98-9B27-4E5F-8D69-C2CB998AF308}
	EndGlobalSection
EndGlobal
